<?xml version="1.0" encoding="utf-8"?>
<Project ToolsVersion="4.0" xmlns="http://schemas.microsoft.com/developer/msbuild/2003">
  <ItemGroup>
    <Filter Include="源文件">
      <UniqueIdentifier>{4FC737F1-C7A5-4376-A066-2A32D752A2FF}</UniqueIdentifier>
      <Extensions>cpp;c;cc;cxx;c++;cppm;ixx;def;odl;idl;hpj;bat;asm;asmx</Extensions>
    </Filter>
    <Filter Include="头文件">
      <UniqueIdentifier>{93995380-89BD-4b04-88EB-625FBE52EBFB}</UniqueIdentifier>
      <Extensions>h;hh;hpp;hxx;h++;hm;inl;inc;ipp;xsd</Extensions>
    </Filter>
    <Filter Include="资源文件">
      <UniqueIdentifier>{67DA6AB6-F800-4c08-8B7A-83BB121AAD01}</UniqueIdentifier>
      <Extensions>rc;ico;cur;bmp;dlg;rc2;rct;bin;rgs;gif;jpg;jpeg;jpe;resx;tiff;tif;png;wav;mfcribbon-ms</Extensions>
    </Filter>
  </ItemGroup>
  <ItemGroup>
    <ClCompile Include="Execute.cpp">
      <Filter>源文件</Filter>
    </ClCompile>
    <ClCompile Include="glad.c">
      <Filter>源文件</Filter>
    </ClCompile>
    <ClCompile Include="stb_image.cpp">
      <Filter>源文件</Filter>
    </ClCompile>
    <ClCompile Include="Texture.cpp">
      <Filter>源文件</Filter>
    </ClCompile>
    <ClCompile Include="Camera.cpp">
      <Filter>源文件</Filter>
    </ClCompile>
    <ClCompile Include="imgui_impl_opengl3.cpp">
      <Filter>源文件</Filter>
    </ClCompile>
    <ClCompile Include="include\ImGUI\imgui.cpp">
      <Filter>源文件</Filter>
    </ClCompile>
    <ClCompile Include="include\ImGUI\imgui_demo.cpp">
      <Filter>源文件</Filter>
    </ClCompile>
    <ClCompile Include="include\ImGUI\imgui_draw.cpp">
      <Filter>源文件</Filter>
    </ClCompile>
    <ClCompile Include="include\ImGUI\imgui_tables.cpp">
      <Filter>源文件</Filter>
    </ClCompile>
    <ClCompile Include="include\ImGUI\imgui_widgets.cpp">
      <Filter>源文件</Filter>
    </ClCompile>
    <ClCompile Include="imgui_impl_glfw.cpp">
      <Filter>源文件</Filter>
    </ClCompile>
    <ClCompile Include="Light.cpp">
      <Filter>源文件</Filter>
    </ClCompile>
    <ClCompile Include="Mesh.cpp">
      <Filter>源文件</Filter>
    </ClCompile>
    <ClCompile Include="Model.cpp">
      <Filter>源文件</Filter>
    </ClCompile>
    <ClCompile Include="PostEffect.cpp">
      <Filter>源文件</Filter>
    </ClCompile>
    <ClCompile Include="CubeMap.cpp">
      <Filter>源文件</Filter>
    </ClCompile>
    <ClCompile Include="UBO.cpp">
      <Filter>源文件</Filter>
    </ClCompile>
    <ClCompile Include="FBO.cpp">
      <Filter>源文件</Filter>
    </ClCompile>
    <ClCompile Include="RenderPipeLine.cpp">
      <Filter>源文件</Filter>
    </ClCompile>
    <ClCompile Include="TextureImage.cpp">
      <Filter>源文件</Filter>
    </ClCompile>
    <ClCompile Include="Wave_Particle.cpp">
      <Filter>源文件</Filter>
    </ClCompile>
    <ClCompile Include="Wave_Particle_Pool.cpp">
      <Filter>源文件</Filter>
    </ClCompile>
    <ClCompile Include="B_Spine.cpp">
      <Filter>源文件</Filter>
    </ClCompile>
    <ClCompile Include="WaveProcess.cpp">
      <Filter>源文件</Filter>
    </ClCompile>
    <ClCompile Include="ShaderCompile.cpp">
      <Filter>源文件</Filter>
    </ClCompile>
    <ClCompile Include="VoxelProcess.cpp">
      <Filter>源文件</Filter>
    </ClCompile>
    <ClCompile Include="Texture3D.cpp">
      <Filter>源文件</Filter>
    </ClCompile>
    <ClCompile Include="VoxelModel.cpp">
      <Filter>源文件</Filter>
    </ClCompile>
    <ClCompile Include="Gbuffer.cpp">
      <Filter>源文件</Filter>
    </ClCompile>
  </ItemGroup>
  <ItemGroup>
    <ClInclude Include="ShaderCompile.h">
      <Filter>头文件</Filter>
    </ClInclude>
    <ClInclude Include="stb_image.h">
      <Filter>头文件</Filter>
    </ClInclude>
    <ClInclude Include="Texture.h">
      <Filter>头文件</Filter>
    </ClInclude>
    <ClInclude Include="Camera.h">
      <Filter>头文件</Filter>
    </ClInclude>
    <ClInclude Include="include\ImGUI\imconfig.h">
      <Filter>头文件</Filter>
    </ClInclude>
    <ClInclude Include="include\ImGUI\imgui.h">
      <Filter>头文件</Filter>
    </ClInclude>
    <ClInclude Include="include\ImGUI\imgui_internal.h">
      <Filter>头文件</Filter>
    </ClInclude>
    <ClInclude Include="include\ImGUI\imstb_rectpack.h">
      <Filter>头文件</Filter>
    </ClInclude>
    <ClInclude Include="include\ImGUI\imstb_textedit.h">
      <Filter>头文件</Filter>
    </ClInclude>
    <ClInclude Include="include\ImGUI\imstb_truetype.h">
      <Filter>头文件</Filter>
    </ClInclude>
    <ClInclude Include="imgui_impl_glfw.h">
      <Filter>头文件</Filter>
    </ClInclude>
    <ClInclude Include="imgui_impl_opengl3.h">
      <Filter>头文件</Filter>
    </ClInclude>
    <ClInclude Include="imgui_impl_opengl3_loader.h">
      <Filter>头文件</Filter>
    </ClInclude>
    <ClInclude Include="RenderObject.h">
      <Filter>头文件</Filter>
    </ClInclude>
    <ClInclude Include="Material.h">
      <Filter>头文件</Filter>
    </ClInclude>
    <ClInclude Include="Light.h">
      <Filter>头文件</Filter>
    </ClInclude>
    <ClInclude Include="Mesh.h">
      <Filter>头文件</Filter>
    </ClInclude>
    <ClInclude Include="Model.h">
      <Filter>头文件</Filter>
    </ClInclude>
    <ClInclude Include="PostEffect.h">
      <Filter>头文件</Filter>
    </ClInclude>
    <ClInclude Include="CubeMap.h">
      <Filter>头文件</Filter>
    </ClInclude>
    <ClInclude Include="UBO.h">
      <Filter>头文件</Filter>
    </ClInclude>
    <ClInclude Include="FBO.h">
      <Filter>头文件</Filter>
    </ClInclude>
    <ClInclude Include="RenderPipeLine.h">
      <Filter>头文件</Filter>
    </ClInclude>
    <ClInclude Include="TextureImage.h">
      <Filter>头文件</Filter>
    </ClInclude>
    <ClInclude Include="Wave_Particle.h">
      <Filter>头文件</Filter>
    </ClInclude>
    <ClInclude Include="Mymath.h">
      <Filter>头文件</Filter>
    </ClInclude>
    <ClInclude Include="Wave_Particle_Pool.h">
      <Filter>头文件</Filter>
    </ClInclude>
    <ClInclude Include="B_Spine.h">
      <Filter>头文件</Filter>
    </ClInclude>
    <ClInclude Include="RenderProcess.h">
      <Filter>头文件</Filter>
    </ClInclude>
    <ClInclude Include="WaveProcess.h">
      <Filter>头文件</Filter>
    </ClInclude>
    <ClInclude Include="VoxelProcess.h">
      <Filter>头文件</Filter>
    </ClInclude>
    <ClInclude Include="Texture3D.h">
      <Filter>头文件</Filter>
    </ClInclude>
    <ClInclude Include="VoxelModel.h">
      <Filter>头文件</Filter>
    </ClInclude>
    <ClInclude Include="Gbuffer.h">
      <Filter>头文件</Filter>
    </ClInclude>
  </ItemGroup>
</Project>